
Microsoft Visual Studio Solution File, Format Version 12.00
# Visual Studio Version 16
VisualStudioVersion = 16.0.30002.166
MinimumVisualStudioVersion = 10.0.40219.1
Project("{8BC9CEB8-8B4A-11D0-8D11-00A0C91BC942}") = "sk_gpu", "sk_gpu.vcxproj", "{61EA2187-5AEA-467E-8E7C-08952782CEDC}"
EndProject
Global
	GlobalSection(SolutionConfigurationPlatforms) = preSolution
		Debug|x64 = Debug|x64
		Debug|x86 = Debug|x86
		Release|x64 = Release|x64
		Release|x86 = Release|x86
	EndGlobalSection
	GlobalSection(ProjectConfigurationPlatforms) = postSolution
		{61EA2187-5AEA-467E-8E7C-08952782CEDC}.Debug|x64.ActiveCfg = Debug|x64
		{61EA2187-5AEA-467E-8E7C-08952782CEDC}.Debug|x64.Build.0 = Debug|x64
		{61EA2187-5AEA-467E-8E7C-08952782CEDC}.Debug|x86.ActiveCfg = Debug|Win32
		{61EA2187-5AEA-467E-8E7C-08952782CEDC}.Debug|x86.Build.0 = Debug|Win32
		{61EA2187-5AEA-467E-8E7C-08952782CEDC}.Release|x64.ActiveCfg = Release|x64
		{61EA2187-5AEA-467E-8E7C-08952782CEDC}.Release|x64.Build.0 = Release|x64
		{61EA2187-5AEA-467E-8E7C-08952782CEDC}.Release|x86.ActiveCfg = Release|Win32
		{61EA2187-5AEA-467E-8E7C-08952782CEDC}.Release|x86.Build.0 = Release|Win32
	EndGlobalSection
	GlobalSection(SolutionProperties) = preSolution
		HideSolutionNode = FALSE
	EndGlobalSection
	GlobalSection(ExtensibilityGlobals) = postSolution
		SolutionGuid = {5C90FAD4-1369-45E5-9B63-6726541CFDCC}
	EndGlobalSection
EndGlobal
