<?xml version="1.0" encoding="utf-8"?>
<Project ToolsVersion="4.0" xmlns="http://schemas.microsoft.com/developer/msbuild/2003">
  <ItemGroup>
    <ClInclude Include="pch.h" />
    <ClInclude Include="android_native_app_glue.h" />
    <ClInclude Include="..\..\HandmadeMath.h" />
    <ClInclude Include="..\..\shaders.h" />
    <ClInclude Include="..\..\app.h" />
    <ClInclude Include="..\..\xr_app.h" />
    <ClInclude Include="..\..\..\src\sk_gpu_dev.h">
      <Filter>src</Filter>
    </ClInclude>
    <ClInclude Include="..\..\..\src\sk_gpu_gl.h">
      <Filter>src</Filter>
    </ClInclude>
    <ClInclude Include="..\..\..\src\sk_gpu_vk.h">
      <Filter>src</Filter>
    </ClInclude>
  </ItemGroup>
  <ItemGroup>
    <ClCompile Include="android_native_app_glue.c" />
    <ClCompile Include="main.cpp" />
    <ClCompile Include="..\..\app.cpp" />
    <ClCompile Include="..\..\..\src\sk_gpu_gl.cpp">
      <Filter>src</Filter>
    </ClCompile>
    <ClCompile Include="..\..\..\src\sk_gpu_vk.cpp">
      <Filter>src</Filter>
    </ClCompile>
  </ItemGroup>
  <ItemGroup>
    <Filter Include="src">
      <UniqueIdentifier>{c2dfe5e0-a7f9-4064-af09-ed93bd55ac42}</UniqueIdentifier>
    </Filter>
  </ItemGroup>
  <ItemGroup>
    <Library Include="..\..\..\..\..\Users\progr\Downloads\ovr_openxr_mobile_sdk_1.0.9\OpenXR\Libs\Android\arm64-v8a\Debug\libopenxr_loader.so" />
  </ItemGroup>
</Project>